<Solution>
  <Folder Name="/Solution Items/">
    <File Path=".editorconfig" />
    <File Path=".gitignore" />
    <File Path="azure-pipelines-build.yml" />
    <File Path="CHANGELOG.md" />
    <File Path="LICENSE" />
    <File Path="README.md" />
  </Folder>
  <Project Path="Blazicons.FlagIcons/Blazicons.FlagIcons.csproj" />
</Solution>
